
Microsoft Visual Studio Solution File, Format Version 12.00
# Visual Studio 14
VisualStudioVersion = 14.0.22823.1
MinimumVisualStudioVersion = 10.0.40219.1
Project("{FAE04EC0-301F-11D3-BF4B-00C04F79EFBC}") = "AutoProperties", "src\AutoProperties\AutoProperties.csproj", "{9EC0E576-2DFA-48E9-B76E-E8B6161CE0BB}"
EndProject
Project("{FAE04EC0-301F-11D3-BF4B-00C04F79EFBC}") = "ExpressionBodiedFunctionMembers", "src\ExpressionBodiedFunctionMembers\ExpressionBodiedFunctionMembers.csproj", "{BD0FC9CA-4D24-4D6A-A5CF-C15DFA06EC76}"
EndProject
Project("{FAE04EC0-301F-11D3-BF4B-00C04F79EFBC}") = "UsingStatic", "src\UsingStatic\UsingStatic.csproj", "{99F267B7-E6CB-4C48-B24A-9A20ADA81D49}"
EndProject
Project("{FAE04EC0-301F-11D3-BF4B-00C04F79EFBC}") = "NullConditional", "src\NullConditional\NullConditional.csproj", "{66522A1B-F8E4-46D4-AA12-B0B90E09964A}"
EndProject
Project("{FAE04EC0-301F-11D3-BF4B-00C04F79EFBC}") = "StringInterpolation", "src\StringInterpolation\StringInterpolation.csproj", "{3DDCFC7A-4459-4AD8-A971-94EE6CA878A1}"
EndProject
Project("{FAE04EC0-301F-11D3-BF4B-00C04F79EFBC}") = "NameOf", "src\NameOf\NameOf.csproj", "{7D0EDE47-01E8-46F2-8B8E-0D9701DD9158}"
EndProject
Project("{FAE04EC0-301F-11D3-BF4B-00C04F79EFBC}") = "IndexInitializers", "src\IndexInitializers\IndexInitializers.csproj", "{A1F1260A-273E-4EFB-8CD0-F7E9144B0FA8}"
EndProject
Project("{FAE04EC0-301F-11D3-BF4B-00C04F79EFBC}") = "ExceptionFilters", "src\ExceptionFilters\ExceptionFilters.csproj", "{93C79AC4-FD35-4987-8571-8378B60E6F34}"
EndProject
Global
	GlobalSection(SolutionConfigurationPlatforms) = preSolution
		Debug|Any CPU = Debug|Any CPU
		Release|Any CPU = Release|Any CPU
	EndGlobalSection
	GlobalSection(ProjectConfigurationPlatforms) = postSolution
		{9EC0E576-2DFA-48E9-B76E-E8B6161CE0BB}.Debug|Any CPU.ActiveCfg = Debug|Any CPU
		{9EC0E576-2DFA-48E9-B76E-E8B6161CE0BB}.Debug|Any CPU.Build.0 = Debug|Any CPU
		{9EC0E576-2DFA-48E9-B76E-E8B6161CE0BB}.Release|Any CPU.ActiveCfg = Release|Any CPU
		{9EC0E576-2DFA-48E9-B76E-E8B6161CE0BB}.Release|Any CPU.Build.0 = Release|Any CPU
		{BD0FC9CA-4D24-4D6A-A5CF-C15DFA06EC76}.Debug|Any CPU.ActiveCfg = Debug|Any CPU
		{BD0FC9CA-4D24-4D6A-A5CF-C15DFA06EC76}.Debug|Any CPU.Build.0 = Debug|Any CPU
		{BD0FC9CA-4D24-4D6A-A5CF-C15DFA06EC76}.Release|Any CPU.ActiveCfg = Release|Any CPU
		{BD0FC9CA-4D24-4D6A-A5CF-C15DFA06EC76}.Release|Any CPU.Build.0 = Release|Any CPU
		{99F267B7-E6CB-4C48-B24A-9A20ADA81D49}.Debug|Any CPU.ActiveCfg = Debug|Any CPU
		{99F267B7-E6CB-4C48-B24A-9A20ADA81D49}.Debug|Any CPU.Build.0 = Debug|Any CPU
		{99F267B7-E6CB-4C48-B24A-9A20ADA81D49}.Release|Any CPU.ActiveCfg = Release|Any CPU
		{99F267B7-E6CB-4C48-B24A-9A20ADA81D49}.Release|Any CPU.Build.0 = Release|Any CPU
		{66522A1B-F8E4-46D4-AA12-B0B90E09964A}.Debug|Any CPU.ActiveCfg = Debug|Any CPU
		{66522A1B-F8E4-46D4-AA12-B0B90E09964A}.Debug|Any CPU.Build.0 = Debug|Any CPU
		{66522A1B-F8E4-46D4-AA12-B0B90E09964A}.Release|Any CPU.ActiveCfg = Release|Any CPU
		{66522A1B-F8E4-46D4-AA12-B0B90E09964A}.Release|Any CPU.Build.0 = Release|Any CPU
		{3DDCFC7A-4459-4AD8-A971-94EE6CA878A1}.Debug|Any CPU.ActiveCfg = Debug|Any CPU
		{3DDCFC7A-4459-4AD8-A971-94EE6CA878A1}.Debug|Any CPU.Build.0 = Debug|Any CPU
		{3DDCFC7A-4459-4AD8-A971-94EE6CA878A1}.Release|Any CPU.ActiveCfg = Release|Any CPU
		{3DDCFC7A-4459-4AD8-A971-94EE6CA878A1}.Release|Any CPU.Build.0 = Release|Any CPU
		{7D0EDE47-01E8-46F2-8B8E-0D9701DD9158}.Debug|Any CPU.ActiveCfg = Debug|Any CPU
		{7D0EDE47-01E8-46F2-8B8E-0D9701DD9158}.Debug|Any CPU.Build.0 = Debug|Any CPU
		{7D0EDE47-01E8-46F2-8B8E-0D9701DD9158}.Release|Any CPU.ActiveCfg = Release|Any CPU
		{7D0EDE47-01E8-46F2-8B8E-0D9701DD9158}.Release|Any CPU.Build.0 = Release|Any CPU
		{A1F1260A-273E-4EFB-8CD0-F7E9144B0FA8}.Debug|Any CPU.ActiveCfg = Debug|Any CPU
		{A1F1260A-273E-4EFB-8CD0-F7E9144B0FA8}.Debug|Any CPU.Build.0 = Debug|Any CPU
		{A1F1260A-273E-4EFB-8CD0-F7E9144B0FA8}.Release|Any CPU.ActiveCfg = Release|Any CPU
		{A1F1260A-273E-4EFB-8CD0-F7E9144B0FA8}.Release|Any CPU.Build.0 = Release|Any CPU
		{93C79AC4-FD35-4987-8571-8378B60E6F34}.Debug|Any CPU.ActiveCfg = Debug|Any CPU
		{93C79AC4-FD35-4987-8571-8378B60E6F34}.Debug|Any CPU.Build.0 = Debug|Any CPU
		{93C79AC4-FD35-4987-8571-8378B60E6F34}.Release|Any CPU.ActiveCfg = Release|Any CPU
		{93C79AC4-FD35-4987-8571-8378B60E6F34}.Release|Any CPU.Build.0 = Release|Any CPU
	EndGlobalSection
	GlobalSection(SolutionProperties) = preSolution
		HideSolutionNode = FALSE
	EndGlobalSection
EndGlobal
